{
  "nodes": {
    "darwin": {
      "inputs": {
        "nixpkgs": [
          "nixpkgs"
        ]
      },
      "locked": {
        "lastModified": 1720337362,
        "narHash": "sha256-9TNQtlwu97NPaJYsKkdObOsy0MLN4NAOBz0pqwH3KnA=",
        "owner": "lnl7",
        "repo": "nix-darwin",
        "rev": "0f89b73f41eaa1dde67b291452c181d9a75f10dd",
        "type": "github"
      },
      "original": {
        "owner": "lnl7",
        "repo": "nix-darwin",
        "type": "github"
      }
    },
    "disko": {
      "inputs": {
        "nixpkgs": [
          "nixpkgs"
        ]
      },
      "locked": {
        "lastModified": 1720402389,
        "narHash": "sha256-zJv6euDOrJWMHBhxfp/ay+Dvjwpe8YtMuEI5b09bxmo=",
        "owner": "nix-community",
        "repo": "disko",
        "rev": "f1a00e7f55dc266ef286cc6fc8458fa2b5ca2414",
        "type": "github"
      },
      "original": {
        "owner": "nix-community",
        "repo": "disko",
        "type": "github"
      }
    },
    "forgit": {
      "flake": false,
      "locked": {
        "lastModified": 1715472008,
        "narHash": "sha256-odxdySx3Bzxs5RMXJ4nivwltQYIaM/UrPb+A0/pnDSk=",
        "owner": "wfxr",
        "repo": "forgit",
        "rev": "17394d10569899eded337dec59ef461f8becea51",
        "type": "github"
      },
      "original": {
        "owner": "wfxr",
        "repo": "forgit",
        "type": "github"
      }
    },
    "home-manager": {
      "inputs": {
        "nixpkgs": [
          "nixpkgs"
        ]
      },
      "locked": {
        "lastModified": 1720327769,
        "narHash": "sha256-kAsg3Lg4YKKpGw+f1W2s5hzjP8B0y/juowvjK8utIag=",
        "owner": "nix-community",
        "repo": "home-manager",
        "rev": "6b7ce96f34b324e4e104abc30d06955d216bac71",
        "type": "github"
      },
      "original": {
        "owner": "nix-community",
        "repo": "home-manager",
        "type": "github"
      }
    },
    "nixpkgs": {
      "locked": {
        "lastModified": 1720441649,
        "narHash": "sha256-oOHqfLSKFxfe6PWy6GsSJk08gWKV74zAY8Nj+ZM/geE=",
        "owner": "nixos",
        "repo": "nixpkgs",
        "rev": "5d7f58fdd659c4c079f03c54d48b00b77adfc91e",
        "type": "github"
      },
      "original": {
        "owner": "nixos",
        "repo": "nixpkgs",
        "type": "github"
      }
    },
    "root": {
      "inputs": {
        "darwin": "darwin",
        "disko": "disko",
        "forgit": "forgit",
        "home-manager": "home-manager",
        "nixpkgs": "nixpkgs"
      }
    }
  },
  "root": "root",
  "version": 7
}
